
Microsoft Visual Studio Solution File, Format Version 12.00
# Visual Studio Version 17
VisualStudioVersion = 17.2.32602.215
MinimumVisualStudioVersion = 10.0.40219.1
Project("{9A19103F-16F7-4668-BE54-9A1E7A4F7556}") = "APIGateway", "APIGateway\APIGateway.csproj", "{22237EBB-9162-4071-84A2-E5790B92A0CB}"
EndProject
Project("{2150E333-8FDC-42A3-9474-1A3956D46DE8}") = "Services", "Services", "{F1A2204A-8525-49F9-95B2-355E2C624806}"
EndProject
Project("{2150E333-8FDC-42A3-9474-1A3956D46DE8}") = "ContactAPI", "ContactAPI", "{2D763DE4-9F3C-4AA9-8315-4133C1563969}"
EndProject
Project("{2150E333-8FDC-42A3-9474-1A3956D46DE8}") = "ReservationAPI", "ReservationAPI", "{E2154E13-6D47-4021-8A2E-38F600EE5C42}"
EndProject
Project("{9A19103F-16F7-4668-BE54-9A1E7A4F7556}") = "Contact.API", "Contact.API\Contact.API.csproj", "{38B14CBB-3E4C-45B2-A95F-E56F8C01E1D7}"
EndProject
Project("{9A19103F-16F7-4668-BE54-9A1E7A4F7556}") = "Reservation.API", "Reservation.API\Reservation.API.csproj", "{BCA15DDE-CF78-4EBD-8BCC-E792193B915C}"
EndProject
Project("{9A19103F-16F7-4668-BE54-9A1E7A4F7556}") = "Contact.Infrastructure", "Contact.Infrastructure\Contact.Infrastructure.csproj", "{2DC922CF-79D1-497C-92C1-B2086B92100F}"
EndProject
Project("{9A19103F-16F7-4668-BE54-9A1E7A4F7556}") = "Contact.Models", "Contact.Models\Contact.Models.csproj", "{45AEDCC7-A9BB-4C04-B70C-517F343B1EB6}"
EndProject
Project("{9A19103F-16F7-4668-BE54-9A1E7A4F7556}") = "Contact.Services", "Contact.Services\Contact.Services.csproj", "{7BD22253-C7C2-4A10-857A-A3ACB96ADACD}"
EndProject
Project("{9A19103F-16F7-4668-BE54-9A1E7A4F7556}") = "Reservation.Infrastructure", "Reservation.Infrastructure\Reservation.Infrastructure.csproj", "{CAA3EA2E-79DE-406E-8551-263C5E37DEA0}"
EndProject
Project("{9A19103F-16F7-4668-BE54-9A1E7A4F7556}") = "Reservation.Models", "Reservation.Models\Reservation.Models.csproj", "{C3D28923-5234-4538-B9C2-A961C6FAF254}"
EndProject
Project("{9A19103F-16F7-4668-BE54-9A1E7A4F7556}") = "Reservation.Services", "Reservation.Services\Reservation.Services.csproj", "{CED0844F-16AD-4CE1-8583-0ADF45C66C05}"
EndProject
Global
	GlobalSection(SolutionConfigurationPlatforms) = preSolution
		Debug|Any CPU = Debug|Any CPU
		Release|Any CPU = Release|Any CPU
	EndGlobalSection
	GlobalSection(ProjectConfigurationPlatforms) = postSolution
		{22237EBB-9162-4071-84A2-E5790B92A0CB}.Debug|Any CPU.ActiveCfg = Debug|Any CPU
		{22237EBB-9162-4071-84A2-E5790B92A0CB}.Debug|Any CPU.Build.0 = Debug|Any CPU
		{22237EBB-9162-4071-84A2-E5790B92A0CB}.Release|Any CPU.ActiveCfg = Release|Any CPU
		{22237EBB-9162-4071-84A2-E5790B92A0CB}.Release|Any CPU.Build.0 = Release|Any CPU
		{38B14CBB-3E4C-45B2-A95F-E56F8C01E1D7}.Debug|Any CPU.ActiveCfg = Debug|Any CPU
		{38B14CBB-3E4C-45B2-A95F-E56F8C01E1D7}.Debug|Any CPU.Build.0 = Debug|Any CPU
		{38B14CBB-3E4C-45B2-A95F-E56F8C01E1D7}.Release|Any CPU.ActiveCfg = Release|Any CPU
		{38B14CBB-3E4C-45B2-A95F-E56F8C01E1D7}.Release|Any CPU.Build.0 = Release|Any CPU
		{BCA15DDE-CF78-4EBD-8BCC-E792193B915C}.Debug|Any CPU.ActiveCfg = Debug|Any CPU
		{BCA15DDE-CF78-4EBD-8BCC-E792193B915C}.Debug|Any CPU.Build.0 = Debug|Any CPU
		{BCA15DDE-CF78-4EBD-8BCC-E792193B915C}.Release|Any CPU.ActiveCfg = Release|Any CPU
		{BCA15DDE-CF78-4EBD-8BCC-E792193B915C}.Release|Any CPU.Build.0 = Release|Any CPU
		{2DC922CF-79D1-497C-92C1-B2086B92100F}.Debug|Any CPU.ActiveCfg = Debug|Any CPU
		{2DC922CF-79D1-497C-92C1-B2086B92100F}.Debug|Any CPU.Build.0 = Debug|Any CPU
		{2DC922CF-79D1-497C-92C1-B2086B92100F}.Release|Any CPU.ActiveCfg = Release|Any CPU
		{2DC922CF-79D1-497C-92C1-B2086B92100F}.Release|Any CPU.Build.0 = Release|Any CPU
		{45AEDCC7-A9BB-4C04-B70C-517F343B1EB6}.Debug|Any CPU.ActiveCfg = Debug|Any CPU
		{45AEDCC7-A9BB-4C04-B70C-517F343B1EB6}.Debug|Any CPU.Build.0 = Debug|Any CPU
		{45AEDCC7-A9BB-4C04-B70C-517F343B1EB6}.Release|Any CPU.ActiveCfg = Release|Any CPU
		{45AEDCC7-A9BB-4C04-B70C-517F343B1EB6}.Release|Any CPU.Build.0 = Release|Any CPU
		{7BD22253-C7C2-4A10-857A-A3ACB96ADACD}.Debug|Any CPU.ActiveCfg = Debug|Any CPU
		{7BD22253-C7C2-4A10-857A-A3ACB96ADACD}.Debug|Any CPU.Build.0 = Debug|Any CPU
		{7BD22253-C7C2-4A10-857A-A3ACB96ADACD}.Release|Any CPU.ActiveCfg = Release|Any CPU
		{7BD22253-C7C2-4A10-857A-A3ACB96ADACD}.Release|Any CPU.Build.0 = Release|Any CPU
		{CAA3EA2E-79DE-406E-8551-263C5E37DEA0}.Debug|Any CPU.ActiveCfg = Debug|Any CPU
		{CAA3EA2E-79DE-406E-8551-263C5E37DEA0}.Debug|Any CPU.Build.0 = Debug|Any CPU
		{CAA3EA2E-79DE-406E-8551-263C5E37DEA0}.Release|Any CPU.ActiveCfg = Release|Any CPU
		{CAA3EA2E-79DE-406E-8551-263C5E37DEA0}.Release|Any CPU.Build.0 = Release|Any CPU
		{C3D28923-5234-4538-B9C2-A961C6FAF254}.Debug|Any CPU.ActiveCfg = Debug|Any CPU
		{C3D28923-5234-4538-B9C2-A961C6FAF254}.Debug|Any CPU.Build.0 = Debug|Any CPU
		{C3D28923-5234-4538-B9C2-A961C6FAF254}.Release|Any CPU.ActiveCfg = Release|Any CPU
		{C3D28923-5234-4538-B9C2-A961C6FAF254}.Release|Any CPU.Build.0 = Release|Any CPU
		{CED0844F-16AD-4CE1-8583-0ADF45C66C05}.Debug|Any CPU.ActiveCfg = Debug|Any CPU
		{CED0844F-16AD-4CE1-8583-0ADF45C66C05}.Debug|Any CPU.Build.0 = Debug|Any CPU
		{CED0844F-16AD-4CE1-8583-0ADF45C66C05}.Release|Any CPU.ActiveCfg = Release|Any CPU
		{CED0844F-16AD-4CE1-8583-0ADF45C66C05}.Release|Any CPU.Build.0 = Release|Any CPU
	EndGlobalSection
	GlobalSection(SolutionProperties) = preSolution
		HideSolutionNode = FALSE
	EndGlobalSection
	GlobalSection(NestedProjects) = preSolution
		{2D763DE4-9F3C-4AA9-8315-4133C1563969} = {F1A2204A-8525-49F9-95B2-355E2C624806}
		{E2154E13-6D47-4021-8A2E-38F600EE5C42} = {F1A2204A-8525-49F9-95B2-355E2C624806}
		{38B14CBB-3E4C-45B2-A95F-E56F8C01E1D7} = {2D763DE4-9F3C-4AA9-8315-4133C1563969}
		{BCA15DDE-CF78-4EBD-8BCC-E792193B915C} = {E2154E13-6D47-4021-8A2E-38F600EE5C42}
		{2DC922CF-79D1-497C-92C1-B2086B92100F} = {2D763DE4-9F3C-4AA9-8315-4133C1563969}
		{45AEDCC7-A9BB-4C04-B70C-517F343B1EB6} = {2D763DE4-9F3C-4AA9-8315-4133C1563969}
		{7BD22253-C7C2-4A10-857A-A3ACB96ADACD} = {2D763DE4-9F3C-4AA9-8315-4133C1563969}
		{CAA3EA2E-79DE-406E-8551-263C5E37DEA0} = {E2154E13-6D47-4021-8A2E-38F600EE5C42}
		{C3D28923-5234-4538-B9C2-A961C6FAF254} = {E2154E13-6D47-4021-8A2E-38F600EE5C42}
		{CED0844F-16AD-4CE1-8583-0ADF45C66C05} = {E2154E13-6D47-4021-8A2E-38F600EE5C42}
	EndGlobalSection
	GlobalSection(ExtensibilityGlobals) = postSolution
		SolutionGuid = {A10417A2-173D-40F8-8B32-41CBEEE316F8}
	EndGlobalSection
EndGlobal
